
Microsoft Visual Studio Solution File, Format Version 12.00
# Visual Studio Version 16
VisualStudioVersion = 16.0.30002.166
MinimumVisualStudioVersion = 10.0.40219.1
Project("{9A19103F-16F7-4668-BE54-9A1E7A4F7556}") = "StarVoteServer", "StarVoteServer.csproj", "{26B8D0B7-8C9A-4E9E-815B-DCFEF28CF32D}"
EndProject
Project("{FAE04EC0-301F-11D3-BF4B-00C04F79EFBC}") = "UnitTests", "..\UnitTests\UnitTests.csproj", "{F8ED1223-DA9F-4D3A-A013-87DF434C2708}"
EndProject
Global
	GlobalSection(SolutionConfigurationPlatforms) = preSolution
		Debug|Any CPU = Debug|Any CPU
		Release|Any CPU = Release|Any CPU
	EndGlobalSection
	GlobalSection(ProjectConfigurationPlatforms) = postSolution
		{26B8D0B7-8C9A-4E9E-815B-DCFEF28CF32D}.Debug|Any CPU.ActiveCfg = Debug|Any CPU
		{26B8D0B7-8C9A-4E9E-815B-DCFEF28CF32D}.Debug|Any CPU.Build.0 = Debug|Any CPU
		{26B8D0B7-8C9A-4E9E-815B-DCFEF28CF32D}.Release|Any CPU.ActiveCfg = Release|Any CPU
		{26B8D0B7-8C9A-4E9E-815B-DCFEF28CF32D}.Release|Any CPU.Build.0 = Release|Any CPU
		{F8ED1223-DA9F-4D3A-A013-87DF434C2708}.Debug|Any CPU.ActiveCfg = Debug|Any CPU
		{F8ED1223-DA9F-4D3A-A013-87DF434C2708}.Debug|Any CPU.Build.0 = Debug|Any CPU
		{F8ED1223-DA9F-4D3A-A013-87DF434C2708}.Release|Any CPU.ActiveCfg = Release|Any CPU
		{F8ED1223-DA9F-4D3A-A013-87DF434C2708}.Release|Any CPU.Build.0 = Release|Any CPU
	EndGlobalSection
	GlobalSection(SolutionProperties) = preSolution
		HideSolutionNode = FALSE
	EndGlobalSection
	GlobalSection(ExtensibilityGlobals) = postSolution
		SolutionGuid = {967204A5-EC02-4570-B26B-D1AE949584A5}
	EndGlobalSection
EndGlobal
